
Microsoft Visual Studio Solution File, Format Version 12.00
# Visual Studio Version 16
VisualStudioVersion = 16.0.30907.101
MinimumVisualStudioVersion = 10.0.40219.1
Project("{FAE04EC0-301F-11D3-BF4B-00C04F79EFBC}") = "Billing.Web", "Billing.Web\Billing.Web.csproj", "{AFC8C269-7369-4304-B0E4-4BFC3E58E36F}"
EndProject
Project("{9A19103F-16F7-4668-BE54-9A1E7A4F7556}") = "Billing", "..\Billing.Plugin\Billing.csproj", "{7445E58F-6B32-4BC7-9C49-7F7882EF723B}"
EndProject
Project("{D954291E-2A0B-460D-934E-DC6B0785DB48}") = "Billing.Shared", "..\Billing.Shared\Billing.Shared.shproj", "{E079F961-DCEE-4048-9892-E6D3AD190A02}"
EndProject
Global
	GlobalSection(SharedMSBuildProjectFiles) = preSolution
		..\Billing.Shared\Billing.Shared.projitems*{e079f961-dcee-4048-9892-e6d3ad190a02}*SharedItemsImports = 13
	EndGlobalSection
	GlobalSection(SolutionConfigurationPlatforms) = preSolution
		Debug|Any CPU = Debug|Any CPU
		Release|Any CPU = Release|Any CPU
	EndGlobalSection
	GlobalSection(ProjectConfigurationPlatforms) = postSolution
		{AFC8C269-7369-4304-B0E4-4BFC3E58E36F}.Debug|Any CPU.ActiveCfg = Debug|Any CPU
		{AFC8C269-7369-4304-B0E4-4BFC3E58E36F}.Debug|Any CPU.Build.0 = Debug|Any CPU
		{AFC8C269-7369-4304-B0E4-4BFC3E58E36F}.Release|Any CPU.ActiveCfg = Release|Any CPU
		{AFC8C269-7369-4304-B0E4-4BFC3E58E36F}.Release|Any CPU.Build.0 = Release|Any CPU
		{7445E58F-6B32-4BC7-9C49-7F7882EF723B}.Debug|Any CPU.ActiveCfg = Debug|Any CPU
		{7445E58F-6B32-4BC7-9C49-7F7882EF723B}.Debug|Any CPU.Build.0 = Debug|Any CPU
		{7445E58F-6B32-4BC7-9C49-7F7882EF723B}.Release|Any CPU.ActiveCfg = Release|Any CPU
		{7445E58F-6B32-4BC7-9C49-7F7882EF723B}.Release|Any CPU.Build.0 = Release|Any CPU
	EndGlobalSection
	GlobalSection(SolutionProperties) = preSolution
		HideSolutionNode = FALSE
	EndGlobalSection
	GlobalSection(ExtensibilityGlobals) = postSolution
		SolutionGuid = {195F74EC-B29B-4F29-B41F-E762C8600B9F}
	EndGlobalSection
EndGlobal
