
Microsoft Visual Studio Solution File, Format Version 12.00
# Visual Studio Version 16
VisualStudioVersion = 16.0.30803.129
MinimumVisualStudioVersion = 10.0.40219.1
Project("{9A19103F-16F7-4668-BE54-9A1E7A4F7556}") = "Billing.Server", "Billing.Server.csproj", "{83F3A04D-1D45-4C29-B877-ED89C4F05AE5}"
EndProject
Project("{D954291E-2A0B-460D-934E-DC6B0785DB48}") = "Billing.Shared", "..\Billing.Shared\Billing.Shared.shproj", "{E6DBB3D4-EEBF-4470-BC2A-3E16C59C4C8E}"
EndProject
Project("{9A19103F-16F7-4668-BE54-9A1E7A4F7556}") = "Billing.Sample", "..\Billing.Sample\Billing.Sample.csproj", "{CF616A9D-DF39-477B-B6E3-0FEC75E551E8}"
EndProject
Project("{9A19103F-16F7-4668-BE54-9A1E7A4F7556}") = "Billing.Server.CafeBazaar", "..\Billing.Server.CafeBazaar\Billing.Server.CafeBazaar.csproj", "{8906FC42-801C-44FE-8B5D-2C0AB3784F5E}"
EndProject
Project("{9A19103F-16F7-4668-BE54-9A1E7A4F7556}") = "Billing.Server.AppStore", "..\Billing.Server.AppStore\Billing.Server.AppStore.csproj", "{C491D334-CECA-4765-9E85-035DCFA6CD2E}"
EndProject
Project("{9A19103F-16F7-4668-BE54-9A1E7A4F7556}") = "Billing.Server.GooglePlay", "..\Billing.Server.GooglePlay\Billing.Server.GooglePlay.csproj", "{0F9C0555-9220-4ACB-8B95-947DEDF2F031}"
EndProject
Project("{9A19103F-16F7-4668-BE54-9A1E7A4F7556}") = "Billing.Server.EntityFramework", "..\Billing.Server.EntityFramework\Billing.Server.EntityFramework.csproj", "{37093A55-913E-4780-A8EE-672EA5D5C2D7}"
EndProject
Project("{9A19103F-16F7-4668-BE54-9A1E7A4F7556}") = "Billing.Server.Voucher", "..\Billing.Server.Voucher\Billing.Server.Voucher.csproj", "{17529456-C930-4034-AC47-A1C3434BF203}"
EndProject
Project("{9A19103F-16F7-4668-BE54-9A1E7A4F7556}") = "Billing.Server.Voucher.EntityFramework", "..\Billing.Server.Voucher.EntityFramework\Billing.Server.Voucher.EntityFramework.csproj", "{2864C639-1877-47EA-8B51-DEE0E67DC647}"
EndProject
Global
	GlobalSection(SharedMSBuildProjectFiles) = preSolution
		..\Billing.Shared\Billing.Shared.projitems*{83f3a04d-1d45-4c29-b877-ed89c4f05ae5}*SharedItemsImports = 5
		..\Billing.Shared\Billing.Shared.projitems*{e6dbb3d4-eebf-4470-bc2a-3e16c59c4c8e}*SharedItemsImports = 13
	EndGlobalSection
	GlobalSection(SolutionConfigurationPlatforms) = preSolution
		Debug|Any CPU = Debug|Any CPU
		Release|Any CPU = Release|Any CPU
	EndGlobalSection
	GlobalSection(ProjectConfigurationPlatforms) = postSolution
		{83F3A04D-1D45-4C29-B877-ED89C4F05AE5}.Debug|Any CPU.ActiveCfg = Debug|Any CPU
		{83F3A04D-1D45-4C29-B877-ED89C4F05AE5}.Debug|Any CPU.Build.0 = Debug|Any CPU
		{83F3A04D-1D45-4C29-B877-ED89C4F05AE5}.Release|Any CPU.ActiveCfg = Release|Any CPU
		{83F3A04D-1D45-4C29-B877-ED89C4F05AE5}.Release|Any CPU.Build.0 = Release|Any CPU
		{CF616A9D-DF39-477B-B6E3-0FEC75E551E8}.Debug|Any CPU.ActiveCfg = Debug|Any CPU
		{CF616A9D-DF39-477B-B6E3-0FEC75E551E8}.Debug|Any CPU.Build.0 = Debug|Any CPU
		{CF616A9D-DF39-477B-B6E3-0FEC75E551E8}.Release|Any CPU.ActiveCfg = Release|Any CPU
		{CF616A9D-DF39-477B-B6E3-0FEC75E551E8}.Release|Any CPU.Build.0 = Release|Any CPU
		{8906FC42-801C-44FE-8B5D-2C0AB3784F5E}.Debug|Any CPU.ActiveCfg = Debug|Any CPU
		{8906FC42-801C-44FE-8B5D-2C0AB3784F5E}.Debug|Any CPU.Build.0 = Debug|Any CPU
		{8906FC42-801C-44FE-8B5D-2C0AB3784F5E}.Release|Any CPU.ActiveCfg = Release|Any CPU
		{8906FC42-801C-44FE-8B5D-2C0AB3784F5E}.Release|Any CPU.Build.0 = Release|Any CPU
		{C491D334-CECA-4765-9E85-035DCFA6CD2E}.Debug|Any CPU.ActiveCfg = Debug|Any CPU
		{C491D334-CECA-4765-9E85-035DCFA6CD2E}.Debug|Any CPU.Build.0 = Debug|Any CPU
		{C491D334-CECA-4765-9E85-035DCFA6CD2E}.Release|Any CPU.ActiveCfg = Release|Any CPU
		{C491D334-CECA-4765-9E85-035DCFA6CD2E}.Release|Any CPU.Build.0 = Release|Any CPU
		{0F9C0555-9220-4ACB-8B95-947DEDF2F031}.Debug|Any CPU.ActiveCfg = Debug|Any CPU
		{0F9C0555-9220-4ACB-8B95-947DEDF2F031}.Debug|Any CPU.Build.0 = Debug|Any CPU
		{0F9C0555-9220-4ACB-8B95-947DEDF2F031}.Release|Any CPU.ActiveCfg = Release|Any CPU
		{0F9C0555-9220-4ACB-8B95-947DEDF2F031}.Release|Any CPU.Build.0 = Release|Any CPU
		{37093A55-913E-4780-A8EE-672EA5D5C2D7}.Debug|Any CPU.ActiveCfg = Debug|Any CPU
		{37093A55-913E-4780-A8EE-672EA5D5C2D7}.Debug|Any CPU.Build.0 = Debug|Any CPU
		{37093A55-913E-4780-A8EE-672EA5D5C2D7}.Release|Any CPU.ActiveCfg = Release|Any CPU
		{37093A55-913E-4780-A8EE-672EA5D5C2D7}.Release|Any CPU.Build.0 = Release|Any CPU
		{17529456-C930-4034-AC47-A1C3434BF203}.Debug|Any CPU.ActiveCfg = Debug|Any CPU
		{17529456-C930-4034-AC47-A1C3434BF203}.Debug|Any CPU.Build.0 = Debug|Any CPU
		{17529456-C930-4034-AC47-A1C3434BF203}.Release|Any CPU.ActiveCfg = Release|Any CPU
		{17529456-C930-4034-AC47-A1C3434BF203}.Release|Any CPU.Build.0 = Release|Any CPU
		{2864C639-1877-47EA-8B51-DEE0E67DC647}.Debug|Any CPU.ActiveCfg = Debug|Any CPU
		{2864C639-1877-47EA-8B51-DEE0E67DC647}.Debug|Any CPU.Build.0 = Debug|Any CPU
		{2864C639-1877-47EA-8B51-DEE0E67DC647}.Release|Any CPU.ActiveCfg = Release|Any CPU
		{2864C639-1877-47EA-8B51-DEE0E67DC647}.Release|Any CPU.Build.0 = Release|Any CPU
	EndGlobalSection
	GlobalSection(SolutionProperties) = preSolution
		HideSolutionNode = FALSE
	EndGlobalSection
	GlobalSection(ExtensibilityGlobals) = postSolution
		SolutionGuid = {CF99AD4C-C922-4C15-B96C-3BA17194D1F2}
	EndGlobalSection
EndGlobal
